// !$*UTF8*$!
{
	archiveVersion = 1;
	classes = {
	};
	objectVersion = 46;
	objects = {

/* Begin PBXBuildFile section */
		080980311C4DA9120009122A /* libglfw3.dylib in Frameworks */ = {isa = PBXBuildFile; fileRef = 080980301C4DA9120009122A /* libglfw3.dylib */; };
		0812049D1BADDF6800C7C0F4 /* main.cpp in Sources */ = {isa = PBXBuildFile; fileRef = 0812049C1BADDF6800C7C0F4 /* main.cpp */; };
		0822AF371BD4ADBF00A894F0 /* GL_API.cpp in Sources */ = {isa = PBXBuildFile; fileRef = 0822AF361BD4ADBF00A894F0 /* GL_API.cpp */; };
		0849FD821BE7C667000F148E /* json.cpp in Sources */ = {isa = PBXBuildFile; fileRef = 0849FD801BE7C667000F148E /* json.cpp */; };
		0849FD851BE7C66E000F148E /* tinyply.cpp in Sources */ = {isa = PBXBuildFile; fileRef = 0849FD831BE7C66E000F148E /* tinyply.cpp */; };
		0849FD9C1BFADE27000F148E /* gizmo.cpp in Sources */ = {isa = PBXBuildFile; fileRef = 0849FD9A1BFADE27000F148E /* gizmo.cpp */; };
		0849FDA11BFAFCC3000F148E /* tiny_obj_loader.cc in Sources */ = {isa = PBXBuildFile; fileRef = 0849FD9F1BFAFCC3000F148E /* tiny_obj_loader.cc */; };
		085081971BB5B6EA0084A1D6 /* glfw_app.mm in Sources */ = {isa = PBXBuildFile; fileRef = 085081951BB5B6EA0084A1D6 /* glfw_app.mm */; };
		087A4EA21BB8EC9B00975C72 /* OpenGL.framework in Frameworks */ = {isa = PBXBuildFile; fileRef = 087A4EA11BB8EC9B00975C72 /* OpenGL.framework */; };
		087A4EA41BB8ECA100975C72 /* GLKit.framework in Frameworks */ = {isa = PBXBuildFile; fileRef = 087A4EA31BB8ECA100975C72 /* GLKit.framework */; };
		087A4EA61BB8ECA600975C72 /* Cocoa.framework in Frameworks */ = {isa = PBXBuildFile; fileRef = 087A4EA51BB8ECA600975C72 /* Cocoa.framework */; };
		089B86111BAFC9AB00B3A290 /* murmur_hash_3.cpp in Sources */ = {isa = PBXBuildFile; fileRef = 089B86071BAFC9AB00B3A290 /* murmur_hash_3.cpp */; };
		089B86121BAFC9AB00B3A290 /* noise1234.cpp in Sources */ = {isa = PBXBuildFile; fileRef = 089B86091BAFC9AB00B3A290 /* noise1234.cpp */; };
		089B86131BAFC9AB00B3A290 /* simplexnoise1234.cpp in Sources */ = {isa = PBXBuildFile; fileRef = 089B860B1BAFC9AB00B3A290 /* simplexnoise1234.cpp */; };
		08C4757C1C0579550031E87E /* noise.cpp in Sources */ = {isa = PBXBuildFile; fileRef = 08C4757A1C0579550031E87E /* noise.cpp */; };
		08C475821C0AE9C50031E87E /* jo_gif.cpp in Sources */ = {isa = PBXBuildFile; fileRef = 08C475801C0AE9C50031E87E /* jo_gif.cpp */; };
		08C4758D1C1C844F0031E87E /* efsw.cpp in Sources */ = {isa = PBXBuildFile; fileRef = 08C4758C1C1C844F0031E87E /* efsw.cpp */; };
		08CFD2DE1BDD667000895E31 /* nvg.cpp in Sources */ = {isa = PBXBuildFile; fileRef = 08CFD2DC1BDD667000895E31 /* nvg.cpp */; };
		08CFD2E31BDD669600895E31 /* nanovg.cpp in Sources */ = {isa = PBXBuildFile; fileRef = 08CFD2E11BDD669600895E31 /* nanovg.cpp */; };
		08F653061C74376E0076DF49 /* imgui_draw.cpp in Sources */ = {isa = PBXBuildFile; fileRef = 08F652FF1C74376E0076DF49 /* imgui_draw.cpp */; };
		08F653071C74376E0076DF49 /* imgui.cpp in Sources */ = {isa = PBXBuildFile; fileRef = 08F653011C74376E0076DF49 /* imgui.cpp */; };
		08F6530A1C743AE10076DF49 /* avl_imgui.cpp in Sources */ = {isa = PBXBuildFile; fileRef = 08F653091C743AE10076DF49 /* avl_imgui.cpp */; };
/* End PBXBuildFile section */

/* Begin PBXCopyFilesBuildPhase section */
		0812048B1BADDEC100C7C0F4 /* CopyFiles */ = {
			isa = PBXCopyFilesBuildPhase;
			buildActionMask = 2147483647;
			dstPath = /usr/share/man/man1/;
			dstSubfolderSpec = 0;
			files = (
			);
			runOnlyForDeploymentPostprocessing = 1;
		};
/* End PBXCopyFilesBuildPhase section */

/* Begin PBXFileReference section */
		080980301C4DA9120009122A /* libglfw3.dylib */ = {isa = PBXFileReference; lastKnownFileType = "compiled.mach-o.dylib"; name = libglfw3.dylib; path = ../../../../usr/local/lib/libglfw3.dylib; sourceTree = "<group>"; };
		0812048D1BADDEC100C7C0F4 /* sandbox */ = {isa = PBXFileReference; explicitFileType = "compiled.mach-o.executable"; includeInIndex = 0; path = sandbox; sourceTree = BUILT_PRODUCTS_DIR; };
		081204971BADDEF700C7C0F4 /* geometric.hpp */ = {isa = PBXFileReference; lastKnownFileType = sourcecode.cpp.h; path = geometric.hpp; sourceTree = SOURCE_ROOT; };
		081204981BADDEF700C7C0F4 /* linear_algebra.hpp */ = {isa = PBXFileReference; lastKnownFileType = sourcecode.cpp.h; path = linear_algebra.hpp; sourceTree = SOURCE_ROOT; };
		081204991BADDEF700C7C0F4 /* math_util.hpp */ = {isa = PBXFileReference; lastKnownFileType = sourcecode.cpp.h; path = math_util.hpp; sourceTree = SOURCE_ROOT; };
		0812049C1BADDF6800C7C0F4 /* main.cpp */ = {isa = PBXFileReference; fileEncoding = 4; lastKnownFileType = sourcecode.cpp.cpp; path = main.cpp; sourceTree = SOURCE_ROOT; };
		0812049F1BADF68B00C7C0F4 /* circular_buffer.hpp */ = {isa = PBXFileReference; fileEncoding = 4; lastKnownFileType = sourcecode.cpp.h; path = circular_buffer.hpp; sourceTree = SOURCE_ROOT; };
		081204A11BAE04B300C7C0F4 /* concurrent_queue.hpp */ = {isa = PBXFileReference; lastKnownFileType = sourcecode.cpp.h; path = concurrent_queue.hpp; sourceTree = SOURCE_ROOT; };
		081204A21BAE061B00C7C0F4 /* try_locker.hpp */ = {isa = PBXFileReference; lastKnownFileType = sourcecode.cpp.h; path = try_locker.hpp; sourceTree = SOURCE_ROOT; };
		081204A31BAE086F00C7C0F4 /* running_statistics.hpp */ = {isa = PBXFileReference; lastKnownFileType = sourcecode.cpp.h; path = running_statistics.hpp; sourceTree = SOURCE_ROOT; };
		081204A41BAE09F300C7C0F4 /* time_keeper.hpp */ = {isa = PBXFileReference; lastKnownFileType = sourcecode.cpp.h; path = time_keeper.hpp; sourceTree = SOURCE_ROOT; };
		081204A51BAE0C1700C7C0F4 /* human_time.hpp */ = {isa = PBXFileReference; lastKnownFileType = sourcecode.cpp.h; path = human_time.hpp; sourceTree = SOURCE_ROOT; };
		081204A61BAE0CC100C7C0F4 /* signal.hpp */ = {isa = PBXFileReference; lastKnownFileType = sourcecode.cpp.h; path = signal.hpp; sourceTree = SOURCE_ROOT; };
		081204A71BAE330600C7C0F4 /* one_euro.hpp */ = {isa = PBXFileReference; lastKnownFileType = sourcecode.cpp.h; path = one_euro.hpp; sourceTree = SOURCE_ROOT; };
		081204A81BAE336600C7C0F4 /* util.hpp */ = {isa = PBXFileReference; lastKnownFileType = sourcecode.cpp.h; path = util.hpp; sourceTree = SOURCE_ROOT; };
		081204A91BAE367900C7C0F4 /* string_utils.hpp */ = {isa = PBXFileReference; lastKnownFileType = sourcecode.cpp.h; path = string_utils.hpp; sourceTree = SOURCE_ROOT; };
		081204AD1BAE7C8600C7C0F4 /* geometry.hpp */ = {isa = PBXFileReference; lastKnownFileType = sourcecode.cpp.h; path = geometry.hpp; sourceTree = SOURCE_ROOT; };
		081204AE1BAE92C300C7C0F4 /* pid_controller.hpp */ = {isa = PBXFileReference; lastKnownFileType = sourcecode.cpp.h; path = pid_controller.hpp; sourceTree = SOURCE_ROOT; };
		081EA4B51C83772A00AB2DE2 /* shadow_app.hpp */ = {isa = PBXFileReference; lastKnownFileType = sourcecode.cpp.h; name = shadow_app.hpp; path = examples/shadow_app.hpp; sourceTree = SOURCE_ROOT; };
		0822AF311BCFFA6A00A894F0 /* sketch.hpp */ = {isa = PBXFileReference; lastKnownFileType = sourcecode.cpp.h; path = sketch.hpp; sourceTree = SOURCE_ROOT; };
		0822AF321BD389EA00A894F0 /* space.hpp */ = {isa = PBXFileReference; lastKnownFileType = sourcecode.cpp.h; path = space.hpp; sourceTree = SOURCE_ROOT; };
		0822AF331BD4212100A894F0 /* arcball.hpp */ = {isa = PBXFileReference; lastKnownFileType = sourcecode.cpp.h; path = arcball.hpp; sourceTree = SOURCE_ROOT; };
		0822AF351BD4382C00A894F0 /* ellipse_math.hpp */ = {isa = PBXFileReference; lastKnownFileType = sourcecode.cpp.h; path = ellipse_math.hpp; sourceTree = SOURCE_ROOT; };
		0822AF361BD4ADBF00A894F0 /* GL_API.cpp */ = {isa = PBXFileReference; fileEncoding = 4; lastKnownFileType = sourcecode.cpp.cpp; path = GL_API.cpp; sourceTree = SOURCE_ROOT; };
		0822AF381BD4B52100A894F0 /* renderable_grid.hpp */ = {isa = PBXFileReference; lastKnownFileType = sourcecode.cpp.h; path = renderable_grid.hpp; sourceTree = SOURCE_ROOT; };
		08289F811BC5F8370054AF3B /* file_io.hpp */ = {isa = PBXFileReference; lastKnownFileType = sourcecode.cpp.h; path = file_io.hpp; sourceTree = SOURCE_ROOT; };
		08289F891BC609B80054AF3B /* GL_API.hpp */ = {isa = PBXFileReference; lastKnownFileType = sourcecode.cpp.h; path = GL_API.hpp; sourceTree = SOURCE_ROOT; };
		082A2FF61C711A2300391672 /* camera.hpp */ = {isa = PBXFileReference; lastKnownFileType = sourcecode.cpp.h; path = camera.hpp; sourceTree = SOURCE_ROOT; };
		084196731C1E7AB800E1FC50 /* reaction_diffusion.hpp */ = {isa = PBXFileReference; lastKnownFileType = sourcecode.cpp.h; path = reaction_diffusion.hpp; sourceTree = SOURCE_ROOT; };
		084196741C1E7E1700E1FC50 /* displacement_frag.glsl */ = {isa = PBXFileReference; lastKnownFileType = text; name = displacement_frag.glsl; path = assets/shaders/displacement_frag.glsl; sourceTree = SOURCE_ROOT; };
		084196751C1E7E1700E1FC50 /* displacement_vert.glsl */ = {isa = PBXFileReference; lastKnownFileType = text; name = displacement_vert.glsl; path = assets/shaders/displacement_vert.glsl; sourceTree = SOURCE_ROOT; };
		084196761C1E81C500E1FC50 /* terrain_frag_debug.glsl */ = {isa = PBXFileReference; lastKnownFileType = text; name = terrain_frag_debug.glsl; path = assets/shaders/terrain_frag_debug.glsl; sourceTree = SOURCE_ROOT; };
		084196771C1E81C500E1FC50 /* terrain_vert_debug.glsl */ = {isa = PBXFileReference; lastKnownFileType = text; name = terrain_vert_debug.glsl; path = assets/shaders/terrain_vert_debug.glsl; sourceTree = SOURCE_ROOT; };
		0849FD731BE6A031000F148E /* gpu_timer.hpp */ = {isa = PBXFileReference; lastKnownFileType = sourcecode.cpp.h; path = gpu_timer.hpp; sourceTree = SOURCE_ROOT; };
		0849FD741BE7C1C1000F148E /* arkano_ssao_frag.glsl */ = {isa = PBXFileReference; lastKnownFileType = text; name = arkano_ssao_frag.glsl; path = assets/shaders/arkano_ssao_frag.glsl; sourceTree = SOURCE_ROOT; };
		0849FD751BE7C1C1000F148E /* filmgrain_frag.glsl */ = {isa = PBXFileReference; lastKnownFileType = text; name = filmgrain_frag.glsl; path = assets/shaders/filmgrain_frag.glsl; sourceTree = SOURCE_ROOT; };
		0849FD761BE7C1C1000F148E /* fxaa_frag.glsl */ = {isa = PBXFileReference; lastKnownFileType = text; name = fxaa_frag.glsl; path = assets/shaders/fxaa_frag.glsl; sourceTree = SOURCE_ROOT; };
		0849FD771BE7C1C1000F148E /* post_vertex.glsl */ = {isa = PBXFileReference; lastKnownFileType = text; name = post_vertex.glsl; path = assets/shaders/post_vertex.glsl; sourceTree = SOURCE_ROOT; };
		0849FD781BE7C1C1000F148E /* simple_frag.glsl */ = {isa = PBXFileReference; lastKnownFileType = text; name = simple_frag.glsl; path = assets/shaders/simple_frag.glsl; sourceTree = SOURCE_ROOT; };
		0849FD791BE7C1C1000F148E /* simple_texture_frag.glsl */ = {isa = PBXFileReference; lastKnownFileType = text; name = simple_texture_frag.glsl; path = assets/shaders/simple_texture_frag.glsl; sourceTree = SOURCE_ROOT; };
		0849FD7A1BE7C1C1000F148E /* simple_texture_vert.glsl */ = {isa = PBXFileReference; lastKnownFileType = text; name = simple_texture_vert.glsl; path = assets/shaders/simple_texture_vert.glsl; sourceTree = SOURCE_ROOT; };
		0849FD7B1BE7C1C1000F148E /* simple_vert.glsl */ = {isa = PBXFileReference; lastKnownFileType = text; name = simple_vert.glsl; path = assets/shaders/simple_vert.glsl; sourceTree = SOURCE_ROOT; };
		0849FD7C1BE7C1C1000F148E /* sky_hosek_frag.glsl */ = {isa = PBXFileReference; lastKnownFileType = text; name = sky_hosek_frag.glsl; path = assets/shaders/sky_hosek_frag.glsl; sourceTree = SOURCE_ROOT; };
		0849FD7D1BE7C1C1000F148E /* sky_preetham_frag.glsl */ = {isa = PBXFileReference; lastKnownFileType = text; name = sky_preetham_frag.glsl; path = assets/shaders/sky_preetham_frag.glsl; sourceTree = SOURCE_ROOT; };
		0849FD7E1BE7C1C1000F148E /* sky_vert.glsl */ = {isa = PBXFileReference; lastKnownFileType = text; name = sky_vert.glsl; path = assets/shaders/sky_vert.glsl; sourceTree = SOURCE_ROOT; };
		0849FD801BE7C667000F148E /* json.cpp */ = {isa = PBXFileReference; fileEncoding = 4; lastKnownFileType = sourcecode.cpp.cpp; name = json.cpp; path = third_party/json.cpp; sourceTree = SOURCE_ROOT; };
		0849FD811BE7C667000F148E /* json.hpp */ = {isa = PBXFileReference; fileEncoding = 4; lastKnownFileType = sourcecode.cpp.h; name = json.hpp; path = third_party/json.hpp; sourceTree = SOURCE_ROOT; };
		0849FD831BE7C66E000F148E /* tinyply.cpp */ = {isa = PBXFileReference; fileEncoding = 4; lastKnownFileType = sourcecode.cpp.cpp; name = tinyply.cpp; path = third_party/tinyply.cpp; sourceTree = SOURCE_ROOT; };
		0849FD841BE7C66E000F148E /* tinyply.h */ = {isa = PBXFileReference; fileEncoding = 4; lastKnownFileType = sourcecode.c.h; name = tinyply.h; path = third_party/tinyply.h; sourceTree = SOURCE_ROOT; };
		0849FD871BE7C801000F148E /* index.hpp */ = {isa = PBXFileReference; lastKnownFileType = sourcecode.cpp.h; path = index.hpp; sourceTree = SOURCE_ROOT; };
		0849FD881BE7CAAB000F148E /* arcball_app.hpp */ = {isa = PBXFileReference; lastKnownFileType = sourcecode.cpp.h; name = arcball_app.hpp; path = examples/arcball_app.hpp; sourceTree = SOURCE_ROOT; };
		0849FD891BE7CAAB000F148E /* empty_app.hpp */ = {isa = PBXFileReference; lastKnownFileType = sourcecode.cpp.h; name = empty_app.hpp; path = examples/empty_app.hpp; sourceTree = SOURCE_ROOT; };
		0849FD8A1BE7CAAB000F148E /* hdr_skydome.hpp */ = {isa = PBXFileReference; lastKnownFileType = sourcecode.cpp.h; name = hdr_skydome.hpp; path = examples/hdr_skydome.hpp; sourceTree = SOURCE_ROOT; };
		0849FD8C1BE7CAAB000F148E /* ssao_app.hpp */ = {isa = PBXFileReference; lastKnownFileType = sourcecode.cpp.h; name = ssao_app.hpp; path = examples/ssao_app.hpp; sourceTree = SOURCE_ROOT; };
		0849FD8E1BEF19A7000F148E /* forward_lighting_app.hpp */ = {isa = PBXFileReference; lastKnownFileType = sourcecode.cpp.h; name = forward_lighting_app.hpp; path = examples/forward_lighting_app.hpp; sourceTree = SOURCE_ROOT; };
		0849FD8F1BEFCC64000F148E /* hdr_frag.glsl */ = {isa = PBXFileReference; lastKnownFileType = text; name = hdr_frag.glsl; path = assets/shaders/hdr_frag.glsl; sourceTree = SOURCE_ROOT; };
		0849FD901BEFDC8D000F148E /* procedural_mesh.hpp */ = {isa = PBXFileReference; lastKnownFileType = sourcecode.cpp.h; path = procedural_mesh.hpp; sourceTree = SOURCE_ROOT; };
		0849FD9A1BFADE27000F148E /* gizmo.cpp */ = {isa = PBXFileReference; fileEncoding = 4; lastKnownFileType = sourcecode.cpp.cpp; path = gizmo.cpp; sourceTree = SOURCE_ROOT; };
		0849FD9B1BFADE27000F148E /* gizmo.hpp */ = {isa = PBXFileReference; fileEncoding = 4; lastKnownFileType = sourcecode.cpp.h; path = gizmo.hpp; sourceTree = SOURCE_ROOT; };
		0849FD9D1BFADE59000F148E /* scene.hpp */ = {isa = PBXFileReference; lastKnownFileType = sourcecode.cpp.h; path = scene.hpp; sourceTree = SOURCE_ROOT; };
		0849FD9F1BFAFCC3000F148E /* tiny_obj_loader.cc */ = {isa = PBXFileReference; fileEncoding = 4; lastKnownFileType = sourcecode.cpp.cpp; name = tiny_obj_loader.cc; path = third_party/tiny_obj_loader.cc; sourceTree = SOURCE_ROOT; };
		0849FDA01BFAFCC3000F148E /* tiny_obj_loader.h */ = {isa = PBXFileReference; fileEncoding = 4; lastKnownFileType = sourcecode.c.h; name = tiny_obj_loader.h; path = third_party/tiny_obj_loader.h; sourceTree = SOURCE_ROOT; };
		085081951BB5B6EA0084A1D6 /* glfw_app.mm */ = {isa = PBXFileReference; fileEncoding = 4; lastKnownFileType = sourcecode.cpp.objcpp; path = glfw_app.mm; sourceTree = SOURCE_ROOT; };
		085081961BB5B6EA0084A1D6 /* glfw_app.hpp */ = {isa = PBXFileReference; fileEncoding = 4; lastKnownFileType = sourcecode.cpp.h; path = glfw_app.hpp; sourceTree = SOURCE_ROOT; };
		0868DFFE1C5F247C0032129B /* vision_app.hpp */ = {isa = PBXFileReference; lastKnownFileType = sourcecode.cpp.h; name = vision_app.hpp; path = examples/vision_app.hpp; sourceTree = SOURCE_ROOT; };
		0868DFFF1C5F28780032129B /* librealsense.dylib */ = {isa = PBXFileReference; lastKnownFileType = "compiled.mach-o.dylib"; name = librealsense.dylib; path = "../../Library/Developer/Xcode/DerivedData/sandbox-bhcjylykcjtupcgoexvtpjecqkwq/Build/Products/Debug/librealsense.dylib"; sourceTree = "<group>"; };
		087A4EA11BB8EC9B00975C72 /* OpenGL.framework */ = {isa = PBXFileReference; lastKnownFileType = wrapper.framework; name = OpenGL.framework; path = System/Library/Frameworks/OpenGL.framework; sourceTree = SDKROOT; };
		087A4EA31BB8ECA100975C72 /* GLKit.framework */ = {isa = PBXFileReference; lastKnownFileType = wrapper.framework; name = GLKit.framework; path = System/Library/Frameworks/GLKit.framework; sourceTree = SDKROOT; };
		087A4EA51BB8ECA600975C72 /* Cocoa.framework */ = {isa = PBXFileReference; lastKnownFileType = wrapper.framework; name = Cocoa.framework; path = System/Library/Frameworks/Cocoa.framework; sourceTree = SDKROOT; };
		088B47BD1C42D56B0007BB59 /* vision.hpp */ = {isa = PBXFileReference; lastKnownFileType = sourcecode.cpp.h; name = vision.hpp; path = minivision/vision.hpp; sourceTree = SOURCE_ROOT; };
		088B47BF1C42DDC10007BB59 /* texture_view.hpp */ = {isa = PBXFileReference; lastKnownFileType = sourcecode.cpp.h; path = texture_view.hpp; sourceTree = SOURCE_ROOT; };
		089B85FD1BAFC70B00B3A290 /* base64.hpp */ = {isa = PBXFileReference; lastKnownFileType = sourcecode.cpp.h; path = base64.hpp; sourceTree = SOURCE_ROOT; };
		089B86071BAFC9AB00B3A290 /* murmur_hash_3.cpp */ = {isa = PBXFileReference; fileEncoding = 4; lastKnownFileType = sourcecode.cpp.cpp; name = murmur_hash_3.cpp; path = third_party/murmur_hash_3.cpp; sourceTree = SOURCE_ROOT; };
		089B86081BAFC9AB00B3A290 /* murmur_hash_3.h */ = {isa = PBXFileReference; fileEncoding = 4; lastKnownFileType = sourcecode.c.h; name = murmur_hash_3.h; path = third_party/murmur_hash_3.h; sourceTree = SOURCE_ROOT; };
		089B86091BAFC9AB00B3A290 /* noise1234.cpp */ = {isa = PBXFileReference; fileEncoding = 4; lastKnownFileType = sourcecode.cpp.cpp; name = noise1234.cpp; path = third_party/noise1234.cpp; sourceTree = SOURCE_ROOT; };
		089B860A1BAFC9AB00B3A290 /* noise1234.h */ = {isa = PBXFileReference; fileEncoding = 4; lastKnownFileType = sourcecode.c.h; name = noise1234.h; path = third_party/noise1234.h; sourceTree = SOURCE_ROOT; };
		089B860B1BAFC9AB00B3A290 /* simplexnoise1234.cpp */ = {isa = PBXFileReference; fileEncoding = 4; lastKnownFileType = sourcecode.cpp.cpp; name = simplexnoise1234.cpp; path = third_party/simplexnoise1234.cpp; sourceTree = SOURCE_ROOT; };
		089B860C1BAFC9AB00B3A290 /* simplexnoise1234.h */ = {isa = PBXFileReference; fileEncoding = 4; lastKnownFileType = sourcecode.c.h; name = simplexnoise1234.h; path = third_party/simplexnoise1234.h; sourceTree = SOURCE_ROOT; };
		089B86141BAFD06300B3A290 /* dsp_filters.hpp */ = {isa = PBXFileReference; lastKnownFileType = sourcecode.cpp.h; path = dsp_filters.hpp; sourceTree = SOURCE_ROOT; };
		089B86151BAFD39100B3A290 /* bit_mask.hpp */ = {isa = PBXFileReference; lastKnownFileType = sourcecode.cpp.h; path = bit_mask.hpp; sourceTree = SOURCE_ROOT; };
		08C475791C02CFF30031E87E /* terrain_app.hpp */ = {isa = PBXFileReference; lastKnownFileType = sourcecode.cpp.h; name = terrain_app.hpp; path = examples/terrain_app.hpp; sourceTree = SOURCE_ROOT; };
		08C4757A1C0579550031E87E /* noise.cpp */ = {isa = PBXFileReference; fileEncoding = 4; lastKnownFileType = sourcecode.cpp.cpp; name = noise.cpp; path = third_party/noise.cpp; sourceTree = SOURCE_ROOT; };
		08C4757B1C0579550031E87E /* noise.h */ = {isa = PBXFileReference; fileEncoding = 4; lastKnownFileType = sourcecode.c.h; name = noise.h; path = third_party/noise.h; sourceTree = SOURCE_ROOT; };
		08C4757D1C0AD67D0031E87E /* camera_app.hpp */ = {isa = PBXFileReference; lastKnownFileType = sourcecode.cpp.h; name = camera_app.hpp; path = examples/camera_app.hpp; sourceTree = SOURCE_ROOT; };
		08C4757E1C0AD67D0031E87E /* euclidean_app.hpp */ = {isa = PBXFileReference; lastKnownFileType = sourcecode.cpp.h; name = euclidean_app.hpp; path = examples/euclidean_app.hpp; sourceTree = SOURCE_ROOT; };
		08C475801C0AE9C50031E87E /* jo_gif.cpp */ = {isa = PBXFileReference; fileEncoding = 4; lastKnownFileType = sourcecode.cpp.cpp; name = jo_gif.cpp; path = third_party/jo_gif.cpp; sourceTree = SOURCE_ROOT; };
		08C475811C0AE9C50031E87E /* jo_gif.hpp */ = {isa = PBXFileReference; fileEncoding = 4; lastKnownFileType = sourcecode.cpp.h; name = jo_gif.hpp; path = third_party/jo_gif.hpp; sourceTree = SOURCE_ROOT; };
		08C475861C14F68A0031E87E /* shader_monitor.hpp */ = {isa = PBXFileReference; lastKnownFileType = sourcecode.cpp.h; path = shader_monitor.hpp; sourceTree = SOURCE_ROOT; };
		08C475871C19CCC30031E87E /* vignette_frag.glsl */ = {isa = PBXFileReference; lastKnownFileType = text; name = vignette_frag.glsl; path = assets/shaders/vignette_frag.glsl; sourceTree = SOURCE_ROOT; };
		08C475881C19CCC30031E87E /* vignette_vert.glsl */ = {isa = PBXFileReference; lastKnownFileType = text; name = vignette_vert.glsl; path = assets/shaders/vignette_vert.glsl; sourceTree = SOURCE_ROOT; };
		08C475891C19CF0B0031E87E /* matcap_frag.glsl */ = {isa = PBXFileReference; lastKnownFileType = text; name = matcap_frag.glsl; path = assets/shaders/matcap_frag.glsl; sourceTree = SOURCE_ROOT; };
		08C4758A1C19CF0B0031E87E /* matcap_vert.glsl */ = {isa = PBXFileReference; lastKnownFileType = text; name = matcap_vert.glsl; path = assets/shaders/matcap_vert.glsl; sourceTree = SOURCE_ROOT; };
		08C4758C1C1C844F0031E87E /* efsw.cpp */ = {isa = PBXFileReference; fileEncoding = 4; lastKnownFileType = sourcecode.cpp.cpp; name = efsw.cpp; path = third_party/efsw.cpp; sourceTree = SOURCE_ROOT; };
		08C4758E1C1C84550031E87E /* efsw.hpp */ = {isa = PBXFileReference; lastKnownFileType = sourcecode.cpp.h; name = efsw.hpp; path = third_party/efsw/efsw.hpp; sourceTree = SOURCE_ROOT; };
		08C4758F1C1CE8CD0031E87E /* meshline_frag.glsl */ = {isa = PBXFileReference; lastKnownFileType = text; name = meshline_frag.glsl; path = assets/shaders/meshline_frag.glsl; sourceTree = SOURCE_ROOT; };
		08C475901C1CE8CD0031E87E /* meshline_vert.glsl */ = {isa = PBXFileReference; lastKnownFileType = text; name = meshline_vert.glsl; path = assets/shaders/meshline_vert.glsl; sourceTree = SOURCE_ROOT; };
		08C475911C1CE8F30031E87E /* meshline.hpp */ = {isa = PBXFileReference; lastKnownFileType = sourcecode.cpp.h; path = meshline.hpp; sourceTree = SOURCE_ROOT; };
		08C475921C1DEA570031E87E /* constant_spline.hpp */ = {isa = PBXFileReference; lastKnownFileType = sourcecode.cpp.h; path = constant_spline.hpp; sourceTree = SOURCE_ROOT; };
		08C475931C1DF7DF0031E87E /* meshline_app.hpp */ = {isa = PBXFileReference; lastKnownFileType = sourcecode.cpp.h; name = meshline_app.hpp; path = examples/meshline_app.hpp; sourceTree = SOURCE_ROOT; };
		08C475941C1DFEE20031E87E /* reaction_app.hpp */ = {isa = PBXFileReference; lastKnownFileType = sourcecode.cpp.h; name = reaction_app.hpp; path = examples/reaction_app.hpp; sourceTree = SOURCE_ROOT; };
		08CFD2DC1BDD667000895E31 /* nvg.cpp */ = {isa = PBXFileReference; fileEncoding = 4; lastKnownFileType = sourcecode.cpp.cpp; path = nvg.cpp; sourceTree = SOURCE_ROOT; };
		08CFD2DD1BDD667000895E31 /* nvg.hpp */ = {isa = PBXFileReference; fileEncoding = 4; lastKnownFileType = sourcecode.cpp.h; path = nvg.hpp; sourceTree = SOURCE_ROOT; };
		08CFD2DF1BDD669600895E31 /* nanovg_gl_utils.h */ = {isa = PBXFileReference; fileEncoding = 4; lastKnownFileType = sourcecode.c.h; name = nanovg_gl_utils.h; path = third_party/nanovg_gl_utils.h; sourceTree = SOURCE_ROOT; };
		08CFD2E01BDD669600895E31 /* nanovg_gl.h */ = {isa = PBXFileReference; fileEncoding = 4; lastKnownFileType = sourcecode.c.h; name = nanovg_gl.h; path = third_party/nanovg_gl.h; sourceTree = SOURCE_ROOT; };
		08CFD2E11BDD669600895E31 /* nanovg.cpp */ = {isa = PBXFileReference; fileEncoding = 4; lastKnownFileType = sourcecode.cpp.cpp; name = nanovg.cpp; path = third_party/nanovg.cpp; sourceTree = SOURCE_ROOT; };
		08CFD2E21BDD669600895E31 /* nanovg.h */ = {isa = PBXFileReference; fileEncoding = 4; lastKnownFileType = sourcecode.c.h; name = nanovg.h; path = third_party/nanovg.h; sourceTree = SOURCE_ROOT; };
		08CFD2E91BDDA60F00895E31 /* procedural_sky.hpp */ = {isa = PBXFileReference; lastKnownFileType = sourcecode.cpp.h; path = procedural_sky.hpp; sourceTree = SOURCE_ROOT; };
		08F652F41C71C4310076DF49 /* decal_app.hpp */ = {isa = PBXFileReference; lastKnownFileType = sourcecode.cpp.h; name = decal_app.hpp; path = examples/decal_app.hpp; sourceTree = SOURCE_ROOT; };
		08F652F51C7254D80076DF49 /* debug_frag.glsl */ = {isa = PBXFileReference; lastKnownFileType = text; name = debug_frag.glsl; path = assets/shaders/debug_frag.glsl; sourceTree = SOURCE_ROOT; };
		08F652F71C74375D0076DF49 /* stb_image_resize.h */ = {isa = PBXFileReference; lastKnownFileType = sourcecode.c.h; name = stb_image_resize.h; path = third_party/stb/stb_image_resize.h; sourceTree = SOURCE_ROOT; };
		08F652F81C74375D0076DF49 /* stb_image_write.h */ = {isa = PBXFileReference; lastKnownFileType = sourcecode.c.h; name = stb_image_write.h; path = third_party/stb/stb_image_write.h; sourceTree = SOURCE_ROOT; };
		08F652F91C74375D0076DF49 /* stb_image.h */ = {isa = PBXFileReference; lastKnownFileType = sourcecode.c.h; name = stb_image.h; path = third_party/stb/stb_image.h; sourceTree = SOURCE_ROOT; };
		08F652FA1C74375D0076DF49 /* stb_rect_pack.h */ = {isa = PBXFileReference; lastKnownFileType = sourcecode.c.h; name = stb_rect_pack.h; path = third_party/stb/stb_rect_pack.h; sourceTree = SOURCE_ROOT; };
		08F652FB1C74375D0076DF49 /* stb_textedit.h */ = {isa = PBXFileReference; lastKnownFileType = sourcecode.c.h; name = stb_textedit.h; path = third_party/stb/stb_textedit.h; sourceTree = SOURCE_ROOT; };
		08F652FC1C74375D0076DF49 /* stb_truetype.h */ = {isa = PBXFileReference; lastKnownFileType = sourcecode.c.h; name = stb_truetype.h; path = third_party/stb/stb_truetype.h; sourceTree = SOURCE_ROOT; };
		08F652FE1C74376E0076DF49 /* imconfig.h */ = {isa = PBXFileReference; fileEncoding = 4; lastKnownFileType = sourcecode.c.h; name = imconfig.h; path = third_party/imgui/imconfig.h; sourceTree = SOURCE_ROOT; };
		08F652FF1C74376E0076DF49 /* imgui_draw.cpp */ = {isa = PBXFileReference; fileEncoding = 4; lastKnownFileType = sourcecode.cpp.cpp; name = imgui_draw.cpp; path = third_party/imgui/imgui_draw.cpp; sourceTree = SOURCE_ROOT; };
		08F653001C74376E0076DF49 /* imgui_internal.h */ = {isa = PBXFileReference; fileEncoding = 4; lastKnownFileType = sourcecode.c.h; name = imgui_internal.h; path = third_party/imgui/imgui_internal.h; sourceTree = SOURCE_ROOT; };
		08F653011C74376E0076DF49 /* imgui.cpp */ = {isa = PBXFileReference; fileEncoding = 4; lastKnownFileType = sourcecode.cpp.cpp; name = imgui.cpp; path = third_party/imgui/imgui.cpp; sourceTree = SOURCE_ROOT; };
		08F653021C74376E0076DF49 /* imgui.h */ = {isa = PBXFileReference; fileEncoding = 4; lastKnownFileType = sourcecode.c.h; name = imgui.h; path = third_party/imgui/imgui.h; sourceTree = SOURCE_ROOT; };
		08F653031C74376E0076DF49 /* stb_rect_pack.h */ = {isa = PBXFileReference; fileEncoding = 4; lastKnownFileType = sourcecode.c.h; name = stb_rect_pack.h; path = third_party/imgui/stb_rect_pack.h; sourceTree = SOURCE_ROOT; };
		08F653041C74376E0076DF49 /* stb_textedit.h */ = {isa = PBXFileReference; fileEncoding = 4; lastKnownFileType = sourcecode.c.h; name = stb_textedit.h; path = third_party/imgui/stb_textedit.h; sourceTree = SOURCE_ROOT; };
		08F653051C74376E0076DF49 /* stb_truetype.h */ = {isa = PBXFileReference; fileEncoding = 4; lastKnownFileType = sourcecode.c.h; name = stb_truetype.h; path = third_party/imgui/stb_truetype.h; sourceTree = SOURCE_ROOT; };
		08F653081C743AE10076DF49 /* avl_imgui.hpp */ = {isa = PBXFileReference; fileEncoding = 4; lastKnownFileType = sourcecode.cpp.h; path = avl_imgui.hpp; sourceTree = SOURCE_ROOT; };
		08F653091C743AE10076DF49 /* avl_imgui.cpp */ = {isa = PBXFileReference; fileEncoding = 4; lastKnownFileType = sourcecode.cpp.cpp; path = avl_imgui.cpp; sourceTree = SOURCE_ROOT; };
/* End PBXFileReference section */

/* Begin PBXFrameworksBuildPhase section */
		0812048A1BADDEC100C7C0F4 /* Frameworks */ = {
			isa = PBXFrameworksBuildPhase;
			buildActionMask = 2147483647;
			files = (
				087A4EA61BB8ECA600975C72 /* Cocoa.framework in Frameworks */,
				087A4EA41BB8ECA100975C72 /* GLKit.framework in Frameworks */,
				080980311C4DA9120009122A /* libglfw3.dylib in Frameworks */,
				087A4EA21BB8EC9B00975C72 /* OpenGL.framework in Frameworks */,
			);
			runOnlyForDeploymentPostprocessing = 0;
		};
/* End PBXFrameworksBuildPhase section */

/* Begin PBXGroup section */
		081204841BADDEC100C7C0F4 = {
			isa = PBXGroup;
			children = (
				0849FD7F1BE7C326000F148E /* Dependencies */,
				0812048F1BADDEC100C7C0F4 /* source */,
				0812048E1BADDEC100C7C0F4 /* Products */,
			);
			sourceTree = "<group>";
		};
		0812048E1BADDEC100C7C0F4 /* Products */ = {
			isa = PBXGroup;
			children = (
				0812048D1BADDEC100C7C0F4 /* sandbox */,
			);
			name = Products;
			sourceTree = "<group>";
		};
		0812048F1BADDEC100C7C0F4 /* source */ = {
			isa = PBXGroup;
			children = (
				0849FD8D1BE7CB2B000F148E /* third_party */,
				0849FD861BE7C6F0000F148E /* examples */,
				08CFD2EA1BDDF79900895E31 /* shaders */,
				088B47BE1C42D5730007BB59 /* minivision */,
				08CFD2DB1BDD666000895E31 /* nanovg */,
				08289F821BC6019B0054AF3B /* gl */,
				085081981BB5B6F10084A1D6 /* app */,
				0849FD991BFADE05000F148E /* gizmo */,
				08C475761C02C9200031E87E /* rendering */,
				08C475771C02C9650031E87E /* math */,
				08C475781C02C9790031E87E /* tools */,
				0849FD871BE7C801000F148E /* index.hpp */,
				0812049C1BADDF6800C7C0F4 /* main.cpp */,
			);
			name = source;
			path = gfx_dev;
			sourceTree = "<group>";
		};
		08289F7D1BC5F7E40054AF3B /* tinyply */ = {
			isa = PBXGroup;
			children = (
				0849FD831BE7C66E000F148E /* tinyply.cpp */,
				0849FD841BE7C66E000F148E /* tinyply.h */,
			);
			name = tinyply;
			sourceTree = "<group>";
		};
		08289F821BC6019B0054AF3B /* gl */ = {
			isa = PBXGroup;
			children = (
				08289F891BC609B80054AF3B /* GL_API.hpp */,
				0822AF361BD4ADBF00A894F0 /* GL_API.cpp */,
			);
			name = gl;
			sourceTree = "<group>";
		};
		0849FD7F1BE7C326000F148E /* Dependencies */ = {
			isa = PBXGroup;
			children = (
				0868DFFF1C5F28780032129B /* librealsense.dylib */,
				080980301C4DA9120009122A /* libglfw3.dylib */,
				087A4EA51BB8ECA600975C72 /* Cocoa.framework */,
				087A4EA31BB8ECA100975C72 /* GLKit.framework */,
				087A4EA11BB8EC9B00975C72 /* OpenGL.framework */,
			);
			name = Dependencies;
			sourceTree = "<group>";
		};
		0849FD861BE7C6F0000F148E /* examples */ = {
			isa = PBXGroup;
			children = (
				0849FD891BE7CAAB000F148E /* empty_app.hpp */,
				0849FD881BE7CAAB000F148E /* arcball_app.hpp */,
				0849FD8C1BE7CAAB000F148E /* ssao_app.hpp */,
				08C475791C02CFF30031E87E /* terrain_app.hpp */,
				08C4757D1C0AD67D0031E87E /* camera_app.hpp */,
				08C4757E1C0AD67D0031E87E /* euclidean_app.hpp */,
				08C475931C1DF7DF0031E87E /* meshline_app.hpp */,
				08C475941C1DFEE20031E87E /* reaction_app.hpp */,
				0849FD8E1BEF19A7000F148E /* forward_lighting_app.hpp */,
				08F652F41C71C4310076DF49 /* decal_app.hpp */,
				0849FD8A1BE7CAAB000F148E /* hdr_skydome.hpp */,
				081EA4B51C83772A00AB2DE2 /* shadow_app.hpp */,
				0868DFFE1C5F247C0032129B /* vision_app.hpp */,
			);
			name = examples;
			sourceTree = "<group>";
		};
		0849FD8D1BE7CB2B000F148E /* third_party */ = {
			isa = PBXGroup;
			children = (
				08F652FD1C7437610076DF49 /* imgui */,
				08C4758B1C1C84420031E87E /* efsw */,
				08C475831C0E0B580031E87E /* jo_gif */,
				0849FD9E1BFAFC77000F148E /* tinyobj */,
				0849FD911BF00334000F148E /* json */,
				08289F7D1BC5F7E40054AF3B /* tinyply */,
				089B86001BAFC96D00B3A290 /* noise1234 */,
				089B85FF1BAFC96800B3A290 /* stb */,
				089B85FE1BAFC95D00B3A290 /* murmur_hash */,
				08CFD2E41BDD669A00895E31 /* nvg */,
			);
			name = third_party;
			sourceTree = "<group>";
		};
		0849FD911BF00334000F148E /* json */ = {
			isa = PBXGroup;
			children = (
				0849FD801BE7C667000F148E /* json.cpp */,
				0849FD811BE7C667000F148E /* json.hpp */,
			);
			name = json;
			sourceTree = "<group>";
		};
		0849FD991BFADE05000F148E /* gizmo */ = {
			isa = PBXGroup;
			children = (
				0849FD9A1BFADE27000F148E /* gizmo.cpp */,
				0849FD9B1BFADE27000F148E /* gizmo.hpp */,
			);
			name = gizmo;
			sourceTree = "<group>";
		};
		0849FD9E1BFAFC77000F148E /* tinyobj */ = {
			isa = PBXGroup;
			children = (
				0849FD9F1BFAFCC3000F148E /* tiny_obj_loader.cc */,
				0849FDA01BFAFCC3000F148E /* tiny_obj_loader.h */,
			);
			name = tinyobj;
			sourceTree = "<group>";
		};
		085081981BB5B6F10084A1D6 /* app */ = {
			isa = PBXGroup;
			children = (
				085081951BB5B6EA0084A1D6 /* glfw_app.mm */,
				085081961BB5B6EA0084A1D6 /* glfw_app.hpp */,
				081204A81BAE336600C7C0F4 /* util.hpp */,
			);
			name = app;
			sourceTree = "<group>";
		};
		088B47BE1C42D5730007BB59 /* minivision */ = {
			isa = PBXGroup;
			children = (
				088B47BD1C42D56B0007BB59 /* vision.hpp */,
			);
			name = minivision;
			sourceTree = "<group>";
		};
		089B85FE1BAFC95D00B3A290 /* murmur_hash */ = {
			isa = PBXGroup;
			children = (
				089B86071BAFC9AB00B3A290 /* murmur_hash_3.cpp */,
				089B86081BAFC9AB00B3A290 /* murmur_hash_3.h */,
			);
			name = murmur_hash;
			sourceTree = "<group>";
		};
		089B85FF1BAFC96800B3A290 /* stb */ = {
			isa = PBXGroup;
			children = (
				08F652F71C74375D0076DF49 /* stb_image_resize.h */,
				08F652F81C74375D0076DF49 /* stb_image_write.h */,
				08F652F91C74375D0076DF49 /* stb_image.h */,
				08F652FA1C74375D0076DF49 /* stb_rect_pack.h */,
				08F652FB1C74375D0076DF49 /* stb_textedit.h */,
				08F652FC1C74375D0076DF49 /* stb_truetype.h */,
			);
			name = stb;
			sourceTree = "<group>";
		};
		089B86001BAFC96D00B3A290 /* noise1234 */ = {
			isa = PBXGroup;
			children = (
				08C4757A1C0579550031E87E /* noise.cpp */,
				08C4757B1C0579550031E87E /* noise.h */,
				089B86091BAFC9AB00B3A290 /* noise1234.cpp */,
				089B860A1BAFC9AB00B3A290 /* noise1234.h */,
				089B860B1BAFC9AB00B3A290 /* simplexnoise1234.cpp */,
				089B860C1BAFC9AB00B3A290 /* simplexnoise1234.h */,
			);
			name = noise1234;
			sourceTree = "<group>";
		};
		08C475761C02C9200031E87E /* rendering */ = {
			isa = PBXGroup;
			children = (
				08F653081C743AE10076DF49 /* avl_imgui.hpp */,
				08F653091C743AE10076DF49 /* avl_imgui.cpp */,
				0849FD9D1BFADE59000F148E /* scene.hpp */,
				08CFD2E91BDDA60F00895E31 /* procedural_sky.hpp */,
				0822AF381BD4B52100A894F0 /* renderable_grid.hpp */,
				088B47BF1C42DDC10007BB59 /* texture_view.hpp */,
				08C475911C1CE8F30031E87E /* meshline.hpp */,
			);
			name = rendering;
			sourceTree = "<group>";
		};
		08C475771C02C9650031E87E /* math */ = {
			isa = PBXGroup;
			children = (
				081204991BADDEF700C7C0F4 /* math_util.hpp */,
				081204981BADDEF700C7C0F4 /* linear_algebra.hpp */,
				081204AD1BAE7C8600C7C0F4 /* geometry.hpp */,
				081204971BADDEF700C7C0F4 /* geometric.hpp */,
				084196731C1E7AB800E1FC50 /* reaction_diffusion.hpp */,
				08C475921C1DEA570031E87E /* constant_spline.hpp */,
				0822AF351BD4382C00A894F0 /* ellipse_math.hpp */,
				081204A31BAE086F00C7C0F4 /* running_statistics.hpp */,
				081204A71BAE330600C7C0F4 /* one_euro.hpp */,
				081204AE1BAE92C300C7C0F4 /* pid_controller.hpp */,
				089B86141BAFD06300B3A290 /* dsp_filters.hpp */,
			);
			name = math;
			sourceTree = "<group>";
		};
		08C475781C02C9790031E87E /* tools */ = {
			isa = PBXGroup;
			children = (
				0849FD901BEFDC8D000F148E /* procedural_mesh.hpp */,
				082A2FF61C711A2300391672 /* camera.hpp */,
				08C475861C14F68A0031E87E /* shader_monitor.hpp */,
				0849FD731BE6A031000F148E /* gpu_timer.hpp */,
				0822AF331BD4212100A894F0 /* arcball.hpp */,
				0812049F1BADF68B00C7C0F4 /* circular_buffer.hpp */,
				081204A11BAE04B300C7C0F4 /* concurrent_queue.hpp */,
				081204A21BAE061B00C7C0F4 /* try_locker.hpp */,
				081204A41BAE09F300C7C0F4 /* time_keeper.hpp */,
				081204A51BAE0C1700C7C0F4 /* human_time.hpp */,
				081204A61BAE0CC100C7C0F4 /* signal.hpp */,
				081204A91BAE367900C7C0F4 /* string_utils.hpp */,
				08289F811BC5F8370054AF3B /* file_io.hpp */,
				089B85FD1BAFC70B00B3A290 /* base64.hpp */,
				089B86151BAFD39100B3A290 /* bit_mask.hpp */,
				0822AF311BCFFA6A00A894F0 /* sketch.hpp */,
				0822AF321BD389EA00A894F0 /* space.hpp */,
			);
			name = tools;
			sourceTree = "<group>";
		};
		08C475831C0E0B580031E87E /* jo_gif */ = {
			isa = PBXGroup;
			children = (
				08C475801C0AE9C50031E87E /* jo_gif.cpp */,
				08C475811C0AE9C50031E87E /* jo_gif.hpp */,
			);
			name = jo_gif;
			sourceTree = "<group>";
		};
		08C4758B1C1C84420031E87E /* efsw */ = {
			isa = PBXGroup;
			children = (
				08C4758E1C1C84550031E87E /* efsw.hpp */,
				08C4758C1C1C844F0031E87E /* efsw.cpp */,
			);
			name = efsw;
			sourceTree = "<group>";
		};
		08CFD2DB1BDD666000895E31 /* nanovg */ = {
			isa = PBXGroup;
			children = (
				08CFD2DD1BDD667000895E31 /* nvg.hpp */,
				08CFD2DC1BDD667000895E31 /* nvg.cpp */,
			);
			name = nanovg;
			sourceTree = "<group>";
		};
		08CFD2E41BDD669A00895E31 /* nvg */ = {
			isa = PBXGroup;
			children = (
				08CFD2DF1BDD669600895E31 /* nanovg_gl_utils.h */,
				08CFD2E01BDD669600895E31 /* nanovg_gl.h */,
				08CFD2E11BDD669600895E31 /* nanovg.cpp */,
				08CFD2E21BDD669600895E31 /* nanovg.h */,
			);
			name = nvg;
			sourceTree = "<group>";
		};
		08CFD2EA1BDDF79900895E31 /* shaders */ = {
			isa = PBXGroup;
			children = (
				0849FD771BE7C1C1000F148E /* post_vertex.glsl */,
				08F652F51C7254D80076DF49 /* debug_frag.glsl */,
				084196741C1E7E1700E1FC50 /* displacement_frag.glsl */,
				084196751C1E7E1700E1FC50 /* displacement_vert.glsl */,
				08C4758F1C1CE8CD0031E87E /* meshline_frag.glsl */,
				08C475901C1CE8CD0031E87E /* meshline_vert.glsl */,
				08C475891C19CF0B0031E87E /* matcap_frag.glsl */,
				08C4758A1C19CF0B0031E87E /* matcap_vert.glsl */,
				08C475871C19CCC30031E87E /* vignette_frag.glsl */,
				08C475881C19CCC30031E87E /* vignette_vert.glsl */,
				0849FD8F1BEFCC64000F148E /* hdr_frag.glsl */,
				0849FD741BE7C1C1000F148E /* arkano_ssao_frag.glsl */,
				0849FD751BE7C1C1000F148E /* filmgrain_frag.glsl */,
				0849FD761BE7C1C1000F148E /* fxaa_frag.glsl */,
				0849FD7B1BE7C1C1000F148E /* simple_vert.glsl */,
				0849FD781BE7C1C1000F148E /* simple_frag.glsl */,
				0849FD7A1BE7C1C1000F148E /* simple_texture_vert.glsl */,
				0849FD791BE7C1C1000F148E /* simple_texture_frag.glsl */,
				0849FD7C1BE7C1C1000F148E /* sky_hosek_frag.glsl */,
				0849FD7D1BE7C1C1000F148E /* sky_preetham_frag.glsl */,
				0849FD7E1BE7C1C1000F148E /* sky_vert.glsl */,
				084196761C1E81C500E1FC50 /* terrain_frag_debug.glsl */,
				084196771C1E81C500E1FC50 /* terrain_vert_debug.glsl */,
			);
			name = shaders;
			sourceTree = "<group>";
		};
		08F652FD1C7437610076DF49 /* imgui */ = {
			isa = PBXGroup;
			children = (
				08F652FE1C74376E0076DF49 /* imconfig.h */,
				08F652FF1C74376E0076DF49 /* imgui_draw.cpp */,
				08F653001C74376E0076DF49 /* imgui_internal.h */,
				08F653011C74376E0076DF49 /* imgui.cpp */,
				08F653021C74376E0076DF49 /* imgui.h */,
				08F653031C74376E0076DF49 /* stb_rect_pack.h */,
				08F653041C74376E0076DF49 /* stb_textedit.h */,
				08F653051C74376E0076DF49 /* stb_truetype.h */,
			);
			name = imgui;
			sourceTree = "<group>";
		};
/* End PBXGroup section */

/* Begin PBXNativeTarget section */
		0812048C1BADDEC100C7C0F4 /* sandbox */ = {
			isa = PBXNativeTarget;
			buildConfigurationList = 081204941BADDEC100C7C0F4 /* Build configuration list for PBXNativeTarget "sandbox" */;
			buildPhases = (
				081204891BADDEC100C7C0F4 /* Sources */,
				0812048A1BADDEC100C7C0F4 /* Frameworks */,
				0812048B1BADDEC100C7C0F4 /* CopyFiles */,
			);
			buildRules = (
			);
			dependencies = (
			);
			name = sandbox;
			productName = gfx_dev;
			productReference = 0812048D1BADDEC100C7C0F4 /* sandbox */;
			productType = "com.apple.product-type.tool";
		};
/* End PBXNativeTarget section */

/* Begin PBXProject section */
		081204851BADDEC100C7C0F4 /* Project object */ = {
			isa = PBXProject;
			attributes = {
				LastUpgradeCheck = 0720;
				ORGANIZATIONNAME = "Dimitri Diakopoulos";
				TargetAttributes = {
					0812048C1BADDEC100C7C0F4 = {
						CreatedOnToolsVersion = 6.2;
					};
				};
			};
			buildConfigurationList = 081204881BADDEC100C7C0F4 /* Build configuration list for PBXProject "sandbox" */;
			compatibilityVersion = "Xcode 3.2";
			developmentRegion = English;
			hasScannedForEncodings = 0;
			knownRegions = (
				en,
			);
			mainGroup = 081204841BADDEC100C7C0F4;
			productRefGroup = 0812048E1BADDEC100C7C0F4 /* Products */;
			projectDirPath = "";
			projectRoot = "";
			targets = (
				0812048C1BADDEC100C7C0F4 /* sandbox */,
			);
		};
/* End PBXProject section */

/* Begin PBXSourcesBuildPhase section */
		081204891BADDEC100C7C0F4 /* Sources */ = {
			isa = PBXSourcesBuildPhase;
			buildActionMask = 2147483647;
			files = (
				08C4757C1C0579550031E87E /* noise.cpp in Sources */,
				0849FD9C1BFADE27000F148E /* gizmo.cpp in Sources */,
				0812049D1BADDF6800C7C0F4 /* main.cpp in Sources */,
				08F653061C74376E0076DF49 /* imgui_draw.cpp in Sources */,
				089B86131BAFC9AB00B3A290 /* simplexnoise1234.cpp in Sources */,
				089B86111BAFC9AB00B3A290 /* murmur_hash_3.cpp in Sources */,
				08C475821C0AE9C50031E87E /* jo_gif.cpp in Sources */,
				0822AF371BD4ADBF00A894F0 /* GL_API.cpp in Sources */,
				0849FDA11BFAFCC3000F148E /* tiny_obj_loader.cc in Sources */,
				08CFD2E31BDD669600895E31 /* nanovg.cpp in Sources */,
				0849FD851BE7C66E000F148E /* tinyply.cpp in Sources */,
				08F653071C74376E0076DF49 /* imgui.cpp in Sources */,
				08CFD2DE1BDD667000895E31 /* nvg.cpp in Sources */,
				089B86121BAFC9AB00B3A290 /* noise1234.cpp in Sources */,
				085081971BB5B6EA0084A1D6 /* glfw_app.mm in Sources */,
				0849FD821BE7C667000F148E /* json.cpp in Sources */,
				08C4758D1C1C844F0031E87E /* efsw.cpp in Sources */,
				08F6530A1C743AE10076DF49 /* avl_imgui.cpp in Sources */,
			);
			runOnlyForDeploymentPostprocessing = 0;
		};
/* End PBXSourcesBuildPhase section */

/* Begin XCBuildConfiguration section */
		081204921BADDEC100C7C0F4 /* Debug */ = {
			isa = XCBuildConfiguration;
			buildSettings = {
				ALWAYS_SEARCH_USER_PATHS = YES;
				CLANG_CXX_LANGUAGE_STANDARD = "gnu++0x";
				CLANG_CXX_LIBRARY = "libc++";
				CLANG_ENABLE_MODULES = YES;
				CLANG_ENABLE_OBJC_ARC = YES;
				CLANG_WARN_BOOL_CONVERSION = YES;
				CLANG_WARN_CONSTANT_CONVERSION = YES;
				CLANG_WARN_DIRECT_OBJC_ISA_USAGE = YES_ERROR;
				CLANG_WARN_EMPTY_BODY = YES;
				CLANG_WARN_ENUM_CONVERSION = YES;
				CLANG_WARN_INT_CONVERSION = YES;
				CLANG_WARN_OBJC_ROOT_CLASS = YES_ERROR;
				CLANG_WARN_UNREACHABLE_CODE = YES;
				CLANG_WARN__DUPLICATE_METHOD_MATCH = YES;
				COPY_PHASE_STRIP = NO;
				ENABLE_STRICT_OBJC_MSGSEND = YES;
				ENABLE_TESTABILITY = YES;
				GCC_C_LANGUAGE_STANDARD = gnu99;
				GCC_DYNAMIC_NO_PIC = NO;
				GCC_OPTIMIZATION_LEVEL = 0;
				GCC_PREPROCESSOR_DEFINITIONS = (
					"DEBUG=1",
					"$(inherited)",
				);
				GCC_SYMBOLS_PRIVATE_EXTERN = NO;
				GCC_WARN_64_TO_32_BIT_CONVERSION = YES;
				GCC_WARN_ABOUT_RETURN_TYPE = YES_ERROR;
				GCC_WARN_UNDECLARED_SELECTOR = YES;
				GCC_WARN_UNINITIALIZED_AUTOS = YES_AGGRESSIVE;
				GCC_WARN_UNUSED_FUNCTION = YES;
				GCC_WARN_UNUSED_VARIABLE = YES;
				HEADER_SEARCH_PATHS = "$(inherited)";
				LIBRARY_SEARCH_PATHS = (
					"$(inherited)",
					/usr/local/lib,
				);
				MACOSX_DEPLOYMENT_TARGET = 10.10;
				MTL_ENABLE_DEBUG_INFO = YES;
				ONLY_ACTIVE_ARCH = YES;
				SDKROOT = macosx;
				USER_HEADER_SEARCH_PATHS = "$(inherited) $(SRCROOT)/** $(SRCROOT)/librealsense/include /usr/local/include /Applications/Xcode.app/Contents/Developer/Toolchains/XcodeDefault.xctoolchain/usr/include";
			};
			name = Debug;
		};
		081204931BADDEC100C7C0F4 /* Release */ = {
			isa = XCBuildConfiguration;
			buildSettings = {
				ALWAYS_SEARCH_USER_PATHS = YES;
				CLANG_CXX_LANGUAGE_STANDARD = "gnu++0x";
				CLANG_CXX_LIBRARY = "libc++";
				CLANG_ENABLE_MODULES = YES;
				CLANG_ENABLE_OBJC_ARC = YES;
				CLANG_WARN_BOOL_CONVERSION = YES;
				CLANG_WARN_CONSTANT_CONVERSION = YES;
				CLANG_WARN_DIRECT_OBJC_ISA_USAGE = YES_ERROR;
				CLANG_WARN_EMPTY_BODY = YES;
				CLANG_WARN_ENUM_CONVERSION = YES;
				CLANG_WARN_INT_CONVERSION = YES;
				CLANG_WARN_OBJC_ROOT_CLASS = YES_ERROR;
				CLANG_WARN_UNREACHABLE_CODE = YES;
				CLANG_WARN__DUPLICATE_METHOD_MATCH = YES;
				COPY_PHASE_STRIP = NO;
				DEBUG_INFORMATION_FORMAT = "dwarf-with-dsym";
				ENABLE_NS_ASSERTIONS = NO;
				ENABLE_STRICT_OBJC_MSGSEND = YES;
				GCC_C_LANGUAGE_STANDARD = gnu99;
				GCC_WARN_64_TO_32_BIT_CONVERSION = YES;
				GCC_WARN_ABOUT_RETURN_TYPE = YES_ERROR;
				GCC_WARN_UNDECLARED_SELECTOR = YES;
				GCC_WARN_UNINITIALIZED_AUTOS = YES_AGGRESSIVE;
				GCC_WARN_UNUSED_FUNCTION = YES;
				GCC_WARN_UNUSED_VARIABLE = YES;
				HEADER_SEARCH_PATHS = "$(inherited)";
				LIBRARY_SEARCH_PATHS = (
					"$(inherited)",
					/usr/local/lib,
				);
				MACOSX_DEPLOYMENT_TARGET = 10.10;
				MTL_ENABLE_DEBUG_INFO = NO;
				SDKROOT = macosx;
				USER_HEADER_SEARCH_PATHS = "$(inherited) $(SRCROOT)/** $(SRCROOT)/librealsense/include /usr/local/include /Applications/Xcode.app/Contents/Developer/Toolchains/XcodeDefault.xctoolchain/usr/include";
			};
			name = Release;
		};
		081204951BADDEC100C7C0F4 /* Debug */ = {
			isa = XCBuildConfiguration;
			buildSettings = {
				DEBUG_INFORMATION_FORMAT = dwarf;
				HEADER_SEARCH_PATHS = (
					"$(inherited)",
					"$(PROJECT_DIR)/third_party/",
					/Applications/Xcode.app/Contents/Developer/Toolchains/XcodeDefault.xctoolchain/usr/include,
				);
				LIBRARY_SEARCH_PATHS = "$(inherited)";
				MACOSX_DEPLOYMENT_TARGET = 10.11;
				PRODUCT_NAME = sandbox;
			};
			name = Debug;
		};
		081204961BADDEC100C7C0F4 /* Release */ = {
			isa = XCBuildConfiguration;
			buildSettings = {
				DEBUG_INFORMATION_FORMAT = dwarf;
				HEADER_SEARCH_PATHS = (
					"$(inherited)",
					"$(PROJECT_DIR)/third_party/",
					/Applications/Xcode.app/Contents/Developer/Toolchains/XcodeDefault.xctoolchain/usr/include,
				);
				LIBRARY_SEARCH_PATHS = "$(inherited)";
				MACOSX_DEPLOYMENT_TARGET = 10.11;
				PRODUCT_NAME = sandbox;
			};
			name = Release;
		};
/* End XCBuildConfiguration section */

/* Begin XCConfigurationList section */
		081204881BADDEC100C7C0F4 /* Build configuration list for PBXProject "sandbox" */ = {
			isa = XCConfigurationList;
			buildConfigurations = (
				081204921BADDEC100C7C0F4 /* Debug */,
				081204931BADDEC100C7C0F4 /* Release */,
			);
			defaultConfigurationIsVisible = 0;
			defaultConfigurationName = Release;
		};
		081204941BADDEC100C7C0F4 /* Build configuration list for PBXNativeTarget "sandbox" */ = {
			isa = XCConfigurationList;
			buildConfigurations = (
				081204951BADDEC100C7C0F4 /* Debug */,
				081204961BADDEC100C7C0F4 /* Release */,
			);
			defaultConfigurationIsVisible = 0;
			defaultConfigurationName = Release;
		};
/* End XCConfigurationList section */
	};
	rootObject = 081204851BADDEC100C7C0F4 /* Project object */;
}
