<?xml version="1.0" encoding="utf-8"?>
<Project ToolsVersion="4.0" xmlns="http://schemas.microsoft.com/developer/msbuild/2003">
  <ItemGroup>
    <Filter Include="Source Files">
      <UniqueIdentifier>{4FC737F1-C7A5-4376-A066-2A32D752A2FF}</UniqueIdentifier>
      <Extensions>cpp;c;cc;cxx;def;odl;idl;hpj;bat;asm;asmx</Extensions>
    </Filter>
    <Filter Include="applications">
      <UniqueIdentifier>{1b3e2d02-4904-43e0-a26d-978c0a675f76}</UniqueIdentifier>
    </Filter>
  </ItemGroup>
  <ItemGroup>
    <ClCompile Include="main.cpp">
      <Filter>Source Files</Filter>
    </ClCompile>
  </ItemGroup>
  <ItemGroup>
    <ClInclude Include="geometric_algo_dev.hpp">
      <Filter>applications</Filter>
    </ClInclude>
    <ClInclude Include="instance_app.hpp">
      <Filter>applications</Filter>
    </ClInclude>
    <ClInclude Include="meshline_app.hpp">
      <Filter>applications</Filter>
    </ClInclude>
    <ClInclude Include="reaction_app.hpp">
      <Filter>applications</Filter>
    </ClInclude>
    <ClInclude Include="simplex_noise_app.hpp">
      <Filter>applications</Filter>
    </ClInclude>
    <ClInclude Include="terrain_app.hpp">
      <Filter>applications</Filter>
    </ClInclude>
    <ClInclude Include="textured_model_app.hpp">
      <Filter>applications</Filter>
    </ClInclude>
    <ClInclude Include="octree_test_app.hpp">
      <Filter>applications</Filter>
    </ClInclude>
    <ClInclude Include="empty_app.hpp">
      <Filter>applications</Filter>
    </ClInclude>
  </ItemGroup>
</Project>