<?xml version="1.0" encoding="utf-8"?>
<Project ToolsVersion="4.0" xmlns="http://schemas.microsoft.com/developer/msbuild/2003">
  <ItemGroup>
    <Filter Include="third_party">
      <UniqueIdentifier>{44fc042c-0d49-441b-ba08-cdbd35a2a947}</UniqueIdentifier>
    </Filter>
    <Filter Include="source">
      <UniqueIdentifier>{18186070-66de-4e86-bdec-e8ce244b6aff}</UniqueIdentifier>
    </Filter>
    <Filter Include="examples">
      <UniqueIdentifier>{77386985-2a71-4ff4-9bef-37935b1c545d}</UniqueIdentifier>
    </Filter>
    <Filter Include="source\math">
      <UniqueIdentifier>{c7417ef8-96e1-441c-86ea-dd75ccbeaae8}</UniqueIdentifier>
    </Filter>
    <Filter Include="source\tools">
      <UniqueIdentifier>{10616b86-375f-450b-ab3f-8e2517e46f22}</UniqueIdentifier>
    </Filter>
    <Filter Include="source\app">
      <UniqueIdentifier>{11a7ec82-191b-4beb-ba51-981dacc2f378}</UniqueIdentifier>
    </Filter>
    <Filter Include="source\minivision">
      <UniqueIdentifier>{acc63d00-0662-45cd-b463-f30156bab688}</UniqueIdentifier>
    </Filter>
    <Filter Include="source\rendering">
      <UniqueIdentifier>{96253310-1f6d-4a4b-8ed0-6bdeb76e65c6}</UniqueIdentifier>
    </Filter>
    <Filter Include="third_party\imgui">
      <UniqueIdentifier>{b12263b9-093c-4d8a-814d-4c507b45ede6}</UniqueIdentifier>
    </Filter>
    <Filter Include="source\virtual-reality">
      <UniqueIdentifier>{a8333473-545f-4b2a-ae82-220df8cabecc}</UniqueIdentifier>
    </Filter>
  </ItemGroup>
  <ItemGroup>
    <ClInclude Include="..\third_party\fontstash.h">
      <Filter>third_party</Filter>
    </ClInclude>
    <ClInclude Include="..\third_party\json.hpp">
      <Filter>third_party</Filter>
    </ClInclude>
    <ClInclude Include="..\third_party\murmur_hash_3.h">
      <Filter>third_party</Filter>
    </ClInclude>
    <ClInclude Include="..\third_party\nanovg.h">
      <Filter>third_party</Filter>
    </ClInclude>
    <ClInclude Include="..\third_party\nanovg_gl.h">
      <Filter>third_party</Filter>
    </ClInclude>
    <ClInclude Include="..\third_party\nanovg_gl_utils.h">
      <Filter>third_party</Filter>
    </ClInclude>
    <ClInclude Include="..\third_party\oscpkt.hpp">
      <Filter>third_party</Filter>
    </ClInclude>
    <ClInclude Include="..\third_party\oscpkt_udp.hpp">
      <Filter>third_party</Filter>
    </ClInclude>
    <ClInclude Include="..\third_party\tiny_obj_loader.h">
      <Filter>third_party</Filter>
    </ClInclude>
    <ClInclude Include="..\third_party\tinyply.h">
      <Filter>third_party</Filter>
    </ClInclude>
    <ClInclude Include="..\geometry.hpp">
      <Filter>source\math</Filter>
    </ClInclude>
    <ClInclude Include="..\geometric.hpp">
      <Filter>source\math</Filter>
    </ClInclude>
    <ClInclude Include="..\math_util.hpp">
      <Filter>source\math</Filter>
    </ClInclude>
    <ClInclude Include="..\pid_controller.hpp">
      <Filter>source\math</Filter>
    </ClInclude>
    <ClInclude Include="..\one_euro.hpp">
      <Filter>source\math</Filter>
    </ClInclude>
    <ClInclude Include="..\running_statistics.hpp">
      <Filter>source\math</Filter>
    </ClInclude>
    <ClInclude Include="..\dsp_filters.hpp">
      <Filter>source\math</Filter>
    </ClInclude>
    <ClInclude Include="..\glfw_app.hpp">
      <Filter>source\app</Filter>
    </ClInclude>
    <ClInclude Include="..\nvg.hpp">
      <Filter>source\app</Filter>
    </ClInclude>
    <ClInclude Include="..\gpu_timer.hpp">
      <Filter>source\tools</Filter>
    </ClInclude>
    <ClInclude Include="..\arcball.hpp">
      <Filter>source\tools</Filter>
    </ClInclude>
    <ClInclude Include="..\circular_buffer.hpp">
      <Filter>source\tools</Filter>
    </ClInclude>
    <ClInclude Include="..\concurrent_queue.hpp">
      <Filter>source\tools</Filter>
    </ClInclude>
    <ClInclude Include="..\file_io.hpp">
      <Filter>source\tools</Filter>
    </ClInclude>
    <ClInclude Include="..\gizmo.hpp">
      <Filter>source\tools</Filter>
    </ClInclude>
    <ClInclude Include="..\human_time.hpp">
      <Filter>source\tools</Filter>
    </ClInclude>
    <ClInclude Include="..\signal.hpp">
      <Filter>source\tools</Filter>
    </ClInclude>
    <ClInclude Include="..\sketch.hpp">
      <Filter>source\tools</Filter>
    </ClInclude>
    <ClInclude Include="..\string_utils.hpp">
      <Filter>source\tools</Filter>
    </ClInclude>
    <ClInclude Include="..\time_keeper.hpp">
      <Filter>source\tools</Filter>
    </ClInclude>
    <ClInclude Include="..\try_locker.hpp">
      <Filter>source\tools</Filter>
    </ClInclude>
    <ClInclude Include="..\bit_mask.hpp">
      <Filter>source\tools</Filter>
    </ClInclude>
    <ClInclude Include="..\base64.hpp">
      <Filter>source\tools</Filter>
    </ClInclude>
    <ClInclude Include="..\util.hpp">
      <Filter>source\app</Filter>
    </ClInclude>
    <ClInclude Include="..\minivision\vision.hpp">
      <Filter>source\minivision</Filter>
    </ClInclude>
    <ClInclude Include="..\index.hpp">
      <Filter>source</Filter>
    </ClInclude>
    <ClInclude Include="..\GL_API.hpp">
      <Filter>source\rendering</Filter>
    </ClInclude>
    <ClInclude Include="..\texture_view.hpp">
      <Filter>source\rendering</Filter>
    </ClInclude>
    <ClInclude Include="..\renderable_grid.hpp">
      <Filter>source\rendering</Filter>
    </ClInclude>
    <ClInclude Include="..\scene.hpp">
      <Filter>source\rendering</Filter>
    </ClInclude>
    <ClInclude Include="..\avl_imgui.hpp">
      <Filter>source\app</Filter>
    </ClInclude>
    <ClInclude Include="..\third_party\imgui\imconfig.h">
      <Filter>third_party\imgui</Filter>
    </ClInclude>
    <ClInclude Include="..\third_party\imgui\imgui.h">
      <Filter>third_party\imgui</Filter>
    </ClInclude>
    <ClInclude Include="..\third_party\imgui\imgui_internal.h">
      <Filter>third_party\imgui</Filter>
    </ClInclude>
    <ClInclude Include="..\examples\camera_app.hpp">
      <Filter>examples</Filter>
    </ClInclude>
    <ClInclude Include="..\examples\decal_app.hpp">
      <Filter>examples</Filter>
    </ClInclude>
    <ClInclude Include="..\examples\empty_app.hpp">
      <Filter>examples</Filter>
    </ClInclude>
    <ClInclude Include="..\examples\euclidean_app.hpp">
      <Filter>examples</Filter>
    </ClInclude>
    <ClInclude Include="..\examples\hdr_skydome.hpp">
      <Filter>examples</Filter>
    </ClInclude>
    <ClInclude Include="..\examples\instance_app.hpp">
      <Filter>examples</Filter>
    </ClInclude>
    <ClInclude Include="..\examples\manipulation_app.hpp">
      <Filter>examples</Filter>
    </ClInclude>
    <ClInclude Include="..\examples\meshline_app.hpp">
      <Filter>examples</Filter>
    </ClInclude>
    <ClInclude Include="..\examples\reaction_app.hpp">
      <Filter>examples</Filter>
    </ClInclude>
    <ClInclude Include="..\examples\shadow_app.hpp">
      <Filter>examples</Filter>
    </ClInclude>
    <ClInclude Include="..\examples\simplex_noise_app.hpp">
      <Filter>examples</Filter>
    </ClInclude>
    <ClInclude Include="..\examples\ssao_app.hpp">
      <Filter>examples</Filter>
    </ClInclude>
    <ClInclude Include="..\examples\terrain_app.hpp">
      <Filter>examples</Filter>
    </ClInclude>
    <ClInclude Include="..\examples\textured_model_app.hpp">
      <Filter>examples</Filter>
    </ClInclude>
    <ClInclude Include="..\examples\vision_app.hpp">
      <Filter>examples</Filter>
    </ClInclude>
    <ClInclude Include="..\linalg_util.hpp">
      <Filter>source\math</Filter>
    </ClInclude>
    <ClInclude Include="..\poisson_disk.hpp">
      <Filter>source\math</Filter>
    </ClInclude>
    <ClInclude Include="..\procedural_mesh.hpp">
      <Filter>source\rendering</Filter>
    </ClInclude>
    <ClInclude Include="..\meshline.hpp">
      <Filter>source\rendering</Filter>
    </ClInclude>
    <ClInclude Include="..\movement_tracker.hpp">
      <Filter>source\math</Filter>
    </ClInclude>
    <ClInclude Include="..\reaction_diffusion.hpp">
      <Filter>source\math</Filter>
    </ClInclude>
    <ClInclude Include="..\simplex_noise.hpp">
      <Filter>source\math</Filter>
    </ClInclude>
    <ClInclude Include="..\procedural_sky.hpp">
      <Filter>source\rendering</Filter>
    </ClInclude>
    <ClInclude Include="..\splines.hpp">
      <Filter>source\math</Filter>
    </ClInclude>
    <ClInclude Include="..\oriented_bounding_box.hpp">
      <Filter>source\math</Filter>
    </ClInclude>
    <ClInclude Include="..\examples\render_experiments.hpp">
      <Filter>examples</Filter>
    </ClInclude>
    <ClInclude Include="..\examples\glass_material_app.hpp">
      <Filter>examples</Filter>
    </ClInclude>
    <ClInclude Include="..\camera.hpp">
      <Filter>source\rendering</Filter>
    </ClInclude>
    <ClInclude Include="..\solvers.hpp">
      <Filter>source\math</Filter>
    </ClInclude>
    <ClInclude Include="..\trajectory.hpp">
      <Filter>source\math</Filter>
    </ClInclude>
    <ClInclude Include="..\parabolic_pointer.hpp">
      <Filter>source\virtual-reality</Filter>
    </ClInclude>
    <ClInclude Include="..\parallel_transport_frames.hpp">
      <Filter>source\math</Filter>
    </ClInclude>
  </ItemGroup>
  <ItemGroup>
    <ClCompile Include="..\third_party\json.cpp">
      <Filter>third_party</Filter>
    </ClCompile>
    <ClCompile Include="..\third_party\murmur_hash_3.cpp">
      <Filter>third_party</Filter>
    </ClCompile>
    <ClCompile Include="..\third_party\nanovg.cpp">
      <Filter>third_party</Filter>
    </ClCompile>
    <ClCompile Include="..\third_party\tiny_obj_loader.cc">
      <Filter>third_party</Filter>
    </ClCompile>
    <ClCompile Include="..\third_party\tinyply.cpp">
      <Filter>third_party</Filter>
    </ClCompile>
    <ClCompile Include="..\nvg.cpp">
      <Filter>source\app</Filter>
    </ClCompile>
    <ClCompile Include="..\gizmo.cpp">
      <Filter>source\tools</Filter>
    </ClCompile>
    <ClCompile Include="..\main.cpp">
      <Filter>examples</Filter>
    </ClCompile>
    <ClCompile Include="..\glfw_app.mm">
      <Filter>source\app</Filter>
    </ClCompile>
    <ClCompile Include="..\third_party\efsw.cpp">
      <Filter>third_party</Filter>
    </ClCompile>
    <ClCompile Include="..\GL_API.cpp">
      <Filter>source\rendering</Filter>
    </ClCompile>
    <ClCompile Include="..\avl_imgui.cpp">
      <Filter>source\app</Filter>
    </ClCompile>
    <ClCompile Include="..\third_party\imgui\imgui.cpp">
      <Filter>third_party\imgui</Filter>
    </ClCompile>
    <ClCompile Include="..\third_party\imgui\imgui_draw.cpp">
      <Filter>third_party\imgui</Filter>
    </ClCompile>
  </ItemGroup>
</Project>